
Microsoft Visual Studio Solution File, Format Version 12.00
# Visual Studio Version 17
VisualStudioVersion = 17.11.35222.181
MinimumVisualStudioVersion = 10.0.40219.1
Project("{FAE04EC0-301F-11D3-BF4B-00C04F79EFBC}") = "Tortoise Nest Online", "Tortoise Nest Online\Tortoise Nest Online.csproj", "{C44C29BC-BEB3-4833-A2D0-F5408FA946C2}"
EndProject
Global
	GlobalSection(SolutionConfigurationPlatforms) = preSolution
		Debug|Any CPU = Debug|Any CPU
		Release|Any CPU = Release|Any CPU
	EndGlobalSection
	GlobalSection(ProjectConfigurationPlatforms) = postSolution
		{C44C29BC-BEB3-4833-A2D0-F5408FA946C2}.Debug|Any CPU.ActiveCfg = Debug|Any CPU
		{C44C29BC-BEB3-4833-A2D0-F5408FA946C2}.Debug|Any CPU.Build.0 = Debug|Any CPU
		{C44C29BC-BEB3-4833-A2D0-F5408FA946C2}.Release|Any CPU.ActiveCfg = Release|Any CPU
		{C44C29BC-BEB3-4833-A2D0-F5408FA946C2}.Release|Any CPU.Build.0 = Release|Any CPU
	EndGlobalSection
	GlobalSection(SolutionProperties) = preSolution
		HideSolutionNode = FALSE
	EndGlobalSection
	GlobalSection(ExtensibilityGlobals) = postSolution
		SolutionGuid = {9FBE5190-1AED-4DFE-A0E0-F5226321A840}
	EndGlobalSection
EndGlobal
